// !$*UTF8*$!
{
	archiveVersion = 1;
	classes = {
	};
	objectVersion = 50;
	objects = {

/* Begin PBXBuildFile section */
		00F851E8618476AFB4F44B70 /* Pods_Pets_B_B.framework in Frameworks */ = {isa = PBXBuildFile; fileRef = C1D9DB7111ACC042DA5BAC0D /* Pods_Pets_B_B.framework */; };
		620242C921F986B700B3919D /* Main.storyboard in Resources */ = {isa = PBXBuildFile; fileRef = 620242C821F986B700B3919D /* Main.storyboard */; };
		624DE1EB21F6EB0E0011AAD1 /* AppDelegate.swift in Sources */ = {isa = PBXBuildFile; fileRef = 624DE1EA21F6EB0E0011AAD1 /* AppDelegate.swift */; };
		624DE1ED21F6EB0E0011AAD1 /* ViewController.swift in Sources */ = {isa = PBXBuildFile; fileRef = 624DE1EC21F6EB0E0011AAD1 /* ViewController.swift */; };
		624DE1F321F6EB0E0011AAD1 /* ENBD.xcdatamodeld in Sources */ = {isa = PBXBuildFile; fileRef = 624DE1F121F6EB0E0011AAD1 /* ENBD.xcdatamodeld */; };
		624DE1F521F6EB100011AAD1 /* Assets1.xcassets in Resources */ = {isa = PBXBuildFile; fileRef = 624DE1F421F6EB100011AAD1 /* Assets1.xcassets */; };
		624DE1F821F6EB100011AAD1 /* LaunchScreen.storyboard in Resources */ = {isa = PBXBuildFile; fileRef = 624DE1F621F6EB100011AAD1 /* LaunchScreen.storyboard */; };
		624DE20821F6FDDE0011AAD1 /* SignUpB.png in Resources */ = {isa = PBXBuildFile; fileRef = 624DE20721F6FDDE0011AAD1 /* SignUpB.png */; };
		624DE22621F7350B0011AAD1 /* AMInputView.swift in Sources */ = {isa = PBXBuildFile; fileRef = 624DE22521F7350B0011AAD1 /* AMInputView.swift */; };
		624DE22821F735100011AAD1 /* AMInputView.xib in Resources */ = {isa = PBXBuildFile; fileRef = 624DE22721F735100011AAD1 /* AMInputView.xib */; };
		624DE22A21F7355C0011AAD1 /* Images.xcassets in Resources */ = {isa = PBXBuildFile; fileRef = 624DE22921F7355C0011AAD1 /* Images.xcassets */; };
		624DE22E21F762930011AAD1 /* GoogleService-Info.plist in Resources */ = {isa = PBXBuildFile; fileRef = 624DE22D21F762930011AAD1 /* GoogleService-Info.plist */; };
		62679C2521F832EB003AFC0C /* logoo.png in Resources */ = {isa = PBXBuildFile; fileRef = 62679C2421F832EB003AFC0C /* logoo.png */; };
		62AAD89221FEDE5F00E70166 /* CD.mov in Resources */ = {isa = PBXBuildFile; fileRef = 62AAD89121FEDE5F00E70166 /* CD.mov */; };
		62AAD8C921FF146C00E70166 /* SignOUt.swift in Sources */ = {isa = PBXBuildFile; fileRef = 62AAD8C821FF146C00E70166 /* SignOUt.swift */; };
/* End PBXBuildFile section */

/* Begin PBXFileReference section */
		1ABAC207984ABD9F4F3080F2 /* Pods-Pets B&B.release.xcconfig */ = {isa = PBXFileReference; includeInIndex = 1; lastKnownFileType = text.xcconfig; name = "Pods-Pets B&B.release.xcconfig"; path = "Pods/Target Support Files/Pods-Pets B&B/Pods-Pets B&B.release.xcconfig"; sourceTree = "<group>"; };
		620242C721F9865600B3919D /* CD.mp4 */ = {isa = PBXFileReference; lastKnownFileType = file; path = CD.mp4; sourceTree = "<group>"; };
		620242C821F986B700B3919D /* Main.storyboard */ = {isa = PBXFileReference; fileEncoding = 4; lastKnownFileType = file.storyboard; path = Main.storyboard; sourceTree = "<group>"; };
		624DE1E721F6EB0E0011AAD1 /* Pets B&B.app */ = {isa = PBXFileReference; explicitFileType = wrapper.application; includeInIndex = 0; path = "Pets B&B.app"; sourceTree = BUILT_PRODUCTS_DIR; };
		624DE1EA21F6EB0E0011AAD1 /* AppDelegate.swift */ = {isa = PBXFileReference; lastKnownFileType = sourcecode.swift; path = AppDelegate.swift; sourceTree = "<group>"; };
		624DE1EC21F6EB0E0011AAD1 /* ViewController.swift */ = {isa = PBXFileReference; lastKnownFileType = sourcecode.swift; path = ViewController.swift; sourceTree = "<group>"; };
		624DE1F221F6EB0E0011AAD1 /* Pets_B_B.xcdatamodel */ = {isa = PBXFileReference; lastKnownFileType = wrapper.xcdatamodel; path = Pets_B_B.xcdatamodel; sourceTree = "<group>"; };
		624DE1F421F6EB100011AAD1 /* Assets1.xcassets */ = {isa = PBXFileReference; lastKnownFileType = folder.assetcatalog; path = Assets1.xcassets; sourceTree = "<group>"; };
		624DE1F721F6EB100011AAD1 /* Base */ = {isa = PBXFileReference; lastKnownFileType = file.storyboard; name = Base; path = Base.lproj/LaunchScreen.storyboard; sourceTree = "<group>"; };
		624DE1F921F6EB100011AAD1 /* Info.plist */ = {isa = PBXFileReference; lastKnownFileType = text.plist.xml; path = Info.plist; sourceTree = "<group>"; };
		624DE20721F6FDDE0011AAD1 /* SignUpB.png */ = {isa = PBXFileReference; lastKnownFileType = image.png; path = SignUpB.png; sourceTree = "<group>"; };
		624DE22521F7350B0011AAD1 /* AMInputView.swift */ = {isa = PBXFileReference; fileEncoding = 4; lastKnownFileType = sourcecode.swift; path = AMInputView.swift; sourceTree = "<group>"; };
		624DE22721F735100011AAD1 /* AMInputView.xib */ = {isa = PBXFileReference; fileEncoding = 4; lastKnownFileType = file.xib; path = AMInputView.xib; sourceTree = "<group>"; };
		624DE22921F7355C0011AAD1 /* Images.xcassets */ = {isa = PBXFileReference; lastKnownFileType = folder.assetcatalog; path = Images.xcassets; sourceTree = "<group>"; };
		624DE22D21F762930011AAD1 /* GoogleService-Info.plist */ = {isa = PBXFileReference; fileEncoding = 4; lastKnownFileType = text.plist.xml; path = "GoogleService-Info.plist"; sourceTree = "<group>"; };
		62679C2421F832EB003AFC0C /* logoo.png */ = {isa = PBXFileReference; lastKnownFileType = image.png; path = logoo.png; sourceTree = "<group>"; };
		62AAD89121FEDE5F00E70166 /* CD.mov */ = {isa = PBXFileReference; lastKnownFileType = video.quicktime; path = CD.mov; sourceTree = "<group>"; };
		62AAD8C821FF146C00E70166 /* SignOUt.swift */ = {isa = PBXFileReference; lastKnownFileType = sourcecode.swift; path = SignOUt.swift; sourceTree = "<group>"; };
		C1D9DB7111ACC042DA5BAC0D /* Pods_Pets_B_B.framework */ = {isa = PBXFileReference; explicitFileType = wrapper.framework; includeInIndex = 0; path = Pods_Pets_B_B.framework; sourceTree = BUILT_PRODUCTS_DIR; };
		F877CF270080B865171D52CE /* Pods-Pets B&B.debug.xcconfig */ = {isa = PBXFileReference; includeInIndex = 1; lastKnownFileType = text.xcconfig; name = "Pods-Pets B&B.debug.xcconfig"; path = "Pods/Target Support Files/Pods-Pets B&B/Pods-Pets B&B.debug.xcconfig"; sourceTree = "<group>"; };
/* End PBXFileReference section */

/* Begin PBXFrameworksBuildPhase section */
		624DE1E421F6EB0E0011AAD1 /* Frameworks */ = {
			isa = PBXFrameworksBuildPhase;
			buildActionMask = 2147483647;
			files = (
				00F851E8618476AFB4F44B70 /* Pods_Pets_B_B.framework in Frameworks */,
			);
			runOnlyForDeploymentPostprocessing = 0;
		};
/* End PBXFrameworksBuildPhase section */

/* Begin PBXGroup section */
		620242C621F9824F00B3919D /* View Contollers */ = {
			isa = PBXGroup;
			children = (
				624DE1EC21F6EB0E0011AAD1 /* ViewController.swift */,
				62AAD8C821FF146C00E70166 /* SignOUt.swift */,
				620242C821F986B700B3919D /* Main.storyboard */,
			);
			path = "View Contollers";
			sourceTree = "<group>";
		};
		624DE1DE21F6EB0E0011AAD1 = {
			isa = PBXGroup;
			children = (
				624DE1E921F6EB0E0011AAD1 /* Pets B&B */,
				624DE1E821F6EB0E0011AAD1 /* Products */,
				B4AA1BF95411CFC34BFF800B /* Pods */,
				6C2E67510F90018730EF5624 /* Frameworks */,
			);
			sourceTree = "<group>";
		};
		624DE1E821F6EB0E0011AAD1 /* Products */ = {
			isa = PBXGroup;
			children = (
				624DE1E721F6EB0E0011AAD1 /* Pets B&B.app */,
			);
			name = Products;
			sourceTree = "<group>";
		};
		624DE1E921F6EB0E0011AAD1 /* Pets B&B */ = {
			isa = PBXGroup;
			children = (
				620242C621F9824F00B3919D /* View Contollers */,
				624DE22421F735010011AAD1 /* AMInputView */,
				624DE1EA21F6EB0E0011AAD1 /* AppDelegate.swift */,
				62679C2421F832EB003AFC0C /* logoo.png */,
				62AAD89121FEDE5F00E70166 /* CD.mov */,
				620242C721F9865600B3919D /* CD.mp4 */,
				624DE1F421F6EB100011AAD1 /* Assets1.xcassets */,
				624DE22921F7355C0011AAD1 /* Images.xcassets */,
				624DE20721F6FDDE0011AAD1 /* SignUpB.png */,
				624DE1F621F6EB100011AAD1 /* LaunchScreen.storyboard */,
				624DE1F921F6EB100011AAD1 /* Info.plist */,
				624DE22D21F762930011AAD1 /* GoogleService-Info.plist */,
				624DE1F121F6EB0E0011AAD1 /* ENBD.xcdatamodeld */,
			);
			path = "Pets B&B";
			sourceTree = "<group>";
		};
		624DE22421F735010011AAD1 /* AMInputView */ = {
			isa = PBXGroup;
			children = (
				624DE22521F7350B0011AAD1 /* AMInputView.swift */,
				624DE22721F735100011AAD1 /* AMInputView.xib */,
			);
			path = AMInputView;
			sourceTree = "<group>";
		};
		6C2E67510F90018730EF5624 /* Frameworks */ = {
			isa = PBXGroup;
			children = (
				C1D9DB7111ACC042DA5BAC0D /* Pods_Pets_B_B.framework */,
			);
			name = Frameworks;
			sourceTree = "<group>";
		};
		B4AA1BF95411CFC34BFF800B /* Pods */ = {
			isa = PBXGroup;
			children = (
				F877CF270080B865171D52CE /* Pods-Pets B&B.debug.xcconfig */,
				1ABAC207984ABD9F4F3080F2 /* Pods-Pets B&B.release.xcconfig */,
			);
			name = Pods;
			sourceTree = "<group>";
		};
/* End PBXGroup section */

/* Begin PBXNativeTarget section */
		624DE1E621F6EB0E0011AAD1 /* Pets B&B */ = {
			isa = PBXNativeTarget;
			buildConfigurationList = 624DE1FC21F6EB100011AAD1 /* Build configuration list for PBXNativeTarget "Pets B&B" */;
			buildPhases = (
				C444CA2113A2DF2CDB0BD541 /* [CP] Check Pods Manifest.lock */,
				624DE1E321F6EB0E0011AAD1 /* Sources */,
				624DE1E421F6EB0E0011AAD1 /* Frameworks */,
				624DE1E521F6EB0E0011AAD1 /* Resources */,
				B81DAFB83EC894880E9E7F8B /* [CP] Embed Pods Frameworks */,
				6D6BEDE97F83990682A29BF0 /* [CP] Copy Pods Resources */,
			);
			buildRules = (
			);
			dependencies = (
			);
			name = "Pets B&B";
			productName = "Pets B&B";
			productReference = 624DE1E721F6EB0E0011AAD1 /* Pets B&B.app */;
			productType = "com.apple.product-type.application";
		};
/* End PBXNativeTarget section */

/* Begin PBXProject section */
		624DE1DF21F6EB0E0011AAD1 /* Project object */ = {
			isa = PBXProject;
			attributes = {
				LastSwiftUpdateCheck = 1010;
				LastUpgradeCheck = 1010;
				ORGANIZATIONNAME = "Khawla Alsharqi";
				TargetAttributes = {
					624DE1E621F6EB0E0011AAD1 = {
						CreatedOnToolsVersion = 10.1;
					};
				};
			};
			buildConfigurationList = 624DE1E221F6EB0E0011AAD1 /* Build configuration list for PBXProject "Pets B&B" */;
			compatibilityVersion = "Xcode 9.3";
			developmentRegion = en;
			hasScannedForEncodings = 0;
			knownRegions = (
				en,
				Base,
			);
			mainGroup = 624DE1DE21F6EB0E0011AAD1;
			productRefGroup = 624DE1E821F6EB0E0011AAD1 /* Products */;
			projectDirPath = "";
			projectRoot = "";
			targets = (
				624DE1E621F6EB0E0011AAD1 /* Pets B&B */,
			);
		};
/* End PBXProject section */

/* Begin PBXResourcesBuildPhase section */
		624DE1E521F6EB0E0011AAD1 /* Resources */ = {
			isa = PBXResourcesBuildPhase;
			buildActionMask = 2147483647;
			files = (
				624DE22A21F7355C0011AAD1 /* Images.xcassets in Resources */,
				624DE22E21F762930011AAD1 /* GoogleService-Info.plist in Resources */,
				624DE22821F735100011AAD1 /* AMInputView.xib in Resources */,
				62679C2521F832EB003AFC0C /* logoo.png in Resources */,
				620242C921F986B700B3919D /* Main.storyboard in Resources */,
				624DE20821F6FDDE0011AAD1 /* SignUpB.png in Resources */,
				624DE1F821F6EB100011AAD1 /* LaunchScreen.storyboard in Resources */,
				624DE1F521F6EB100011AAD1 /* Assets1.xcassets in Resources */,
				62AAD89221FEDE5F00E70166 /* CD.mov in Resources */,
			);
			runOnlyForDeploymentPostprocessing = 0;
		};
/* End PBXResourcesBuildPhase section */

/* Begin PBXShellScriptBuildPhase section */
		6D6BEDE97F83990682A29BF0 /* [CP] Copy Pods Resources */ = {
			isa = PBXShellScriptBuildPhase;
			buildActionMask = 2147483647;
			files = (
			);
			inputFileListPaths = (
			);
			inputPaths = (
				"${SRCROOT}/Pods/Target Support Files/Pods-Pets B&B/Pods-Pets B&B-resources.sh",
				"${PODS_CONFIGURATION_BUILD_DIR}/FirebaseUI/FirebaseAuthUI.bundle",
			);
			name = "[CP] Copy Pods Resources";
			outputFileListPaths = (
			);
			outputPaths = (
				"${TARGET_BUILD_DIR}/${UNLOCALIZED_RESOURCES_FOLDER_PATH}/FirebaseAuthUI.bundle",
			);
			runOnlyForDeploymentPostprocessing = 0;
			shellPath = /bin/sh;
			shellScript = "\"${SRCROOT}/Pods/Target Support Files/Pods-Pets B&B/Pods-Pets B&B-resources.sh\"\n";
			showEnvVarsInLog = 0;
		};
		B81DAFB83EC894880E9E7F8B /* [CP] Embed Pods Frameworks */ = {
			isa = PBXShellScriptBuildPhase;
			buildActionMask = 2147483647;
			files = (
			);
			inputFileListPaths = (
			);
			inputPaths = (
				"${SRCROOT}/Pods/Target Support Files/Pods-Pets B&B/Pods-Pets B&B-frameworks.sh",
				"${BUILT_PRODUCTS_DIR}/ChameleonFramework/ChameleonFramework.framework",
				"${BUILT_PRODUCTS_DIR}/GTMSessionFetcher/GTMSessionFetcher.framework",
				"${BUILT_PRODUCTS_DIR}/GoogleUtilities/GoogleUtilities.framework",
				"${BUILT_PRODUCTS_DIR}/SVProgressHUD/SVProgressHUD.framework",
				"${BUILT_PRODUCTS_DIR}/SideMenu/SideMenu.framework",
				"${BUILT_PRODUCTS_DIR}/leveldb-library/leveldb.framework",
				"${BUILT_PRODUCTS_DIR}/nanopb/nanopb.framework",
			);
			name = "[CP] Embed Pods Frameworks";
			outputFileListPaths = (
			);
			outputPaths = (
				"${TARGET_BUILD_DIR}/${FRAMEWORKS_FOLDER_PATH}/ChameleonFramework.framework",
				"${TARGET_BUILD_DIR}/${FRAMEWORKS_FOLDER_PATH}/GTMSessionFetcher.framework",
				"${TARGET_BUILD_DIR}/${FRAMEWORKS_FOLDER_PATH}/GoogleUtilities.framework",
				"${TARGET_BUILD_DIR}/${FRAMEWORKS_FOLDER_PATH}/SVProgressHUD.framework",
				"${TARGET_BUILD_DIR}/${FRAMEWORKS_FOLDER_PATH}/SideMenu.framework",
				"${TARGET_BUILD_DIR}/${FRAMEWORKS_FOLDER_PATH}/leveldb.framework",
				"${TARGET_BUILD_DIR}/${FRAMEWORKS_FOLDER_PATH}/nanopb.framework",
			);
			runOnlyForDeploymentPostprocessing = 0;
			shellPath = /bin/sh;
			shellScript = "\"${SRCROOT}/Pods/Target Support Files/Pods-Pets B&B/Pods-Pets B&B-frameworks.sh\"\n";
			showEnvVarsInLog = 0;
		};
		C444CA2113A2DF2CDB0BD541 /* [CP] Check Pods Manifest.lock */ = {
			isa = PBXShellScriptBuildPhase;
			buildActionMask = 2147483647;
			files = (
			);
			inputFileListPaths = (
			);
			inputPaths = (
				"${PODS_PODFILE_DIR_PATH}/Podfile.lock",
				"${PODS_ROOT}/Manifest.lock",
			);
			name = "[CP] Check Pods Manifest.lock";
			outputFileListPaths = (
			);
			outputPaths = (
				"$(DERIVED_FILE_DIR)/Pods-Pets B&B-checkManifestLockResult.txt",
			);
			runOnlyForDeploymentPostprocessing = 0;
			shellPath = /bin/sh;
			shellScript = "diff \"${PODS_PODFILE_DIR_PATH}/Podfile.lock\" \"${PODS_ROOT}/Manifest.lock\" > /dev/null\nif [ $? != 0 ] ; then\n    # print error to STDERR\n    echo \"error: The sandbox is not in sync with the Podfile.lock. Run 'pod install' or update your CocoaPods installation.\" >&2\n    exit 1\nfi\n# This output is used by Xcode 'outputs' to avoid re-running this script phase.\necho \"SUCCESS\" > \"${SCRIPT_OUTPUT_FILE_0}\"\n";
			showEnvVarsInLog = 0;
		};
/* End PBXShellScriptBuildPhase section */

/* Begin PBXSourcesBuildPhase section */
		624DE1E321F6EB0E0011AAD1 /* Sources */ = {
			isa = PBXSourcesBuildPhase;
			buildActionMask = 2147483647;
			files = (
				624DE1ED21F6EB0E0011AAD1 /* ViewController.swift in Sources */,
				624DE22621F7350B0011AAD1 /* AMInputView.swift in Sources */,
				62AAD8C921FF146C00E70166 /* SignOUt.swift in Sources */,
				624DE1EB21F6EB0E0011AAD1 /* AppDelegate.swift in Sources */,
				624DE1F321F6EB0E0011AAD1 /* ENBD.xcdatamodeld in Sources */,
			);
			runOnlyForDeploymentPostprocessing = 0;
		};
/* End PBXSourcesBuildPhase section */

/* Begin PBXVariantGroup section */
		624DE1F621F6EB100011AAD1 /* LaunchScreen.storyboard */ = {
			isa = PBXVariantGroup;
			children = (
				624DE1F721F6EB100011AAD1 /* Base */,
			);
			name = LaunchScreen.storyboard;
			sourceTree = "<group>";
		};
/* End PBXVariantGroup section */

/* Begin XCBuildConfiguration section */
		624DE1FA21F6EB100011AAD1 /* Debug */ = {
			isa = XCBuildConfiguration;
			buildSettings = {
				ALWAYS_SEARCH_USER_PATHS = NO;
				CLANG_ANALYZER_NONNULL = YES;
				CLANG_ANALYZER_NUMBER_OBJECT_CONVERSION = YES_AGGRESSIVE;
				CLANG_CXX_LANGUAGE_STANDARD = "gnu++14";
				CLANG_CXX_LIBRARY = "libc++";
				CLANG_ENABLE_MODULES = YES;
				CLANG_ENABLE_OBJC_ARC = YES;
				CLANG_ENABLE_OBJC_WEAK = YES;
				CLANG_WARN_BLOCK_CAPTURE_AUTORELEASING = YES;
				CLANG_WARN_BOOL_CONVERSION = YES;
				CLANG_WARN_COMMA = YES;
				CLANG_WARN_CONSTANT_CONVERSION = YES;
				CLANG_WARN_DEPRECATED_OBJC_IMPLEMENTATIONS = YES;
				CLANG_WARN_DIRECT_OBJC_ISA_USAGE = YES_ERROR;
				CLANG_WARN_DOCUMENTATION_COMMENTS = YES;
				CLANG_WARN_EMPTY_BODY = YES;
				CLANG_WARN_ENUM_CONVERSION = YES;
				CLANG_WARN_INFINITE_RECURSION = YES;
				CLANG_WARN_INT_CONVERSION = YES;
				CLANG_WARN_NON_LITERAL_NULL_CONVERSION = YES;
				CLANG_WARN_OBJC_IMPLICIT_RETAIN_SELF = YES;
				CLANG_WARN_OBJC_LITERAL_CONVERSION = YES;
				CLANG_WARN_OBJC_ROOT_CLASS = YES_ERROR;
				CLANG_WARN_RANGE_LOOP_ANALYSIS = YES;
				CLANG_WARN_STRICT_PROTOTYPES = YES;
				CLANG_WARN_SUSPICIOUS_MOVE = YES;
				CLANG_WARN_UNGUARDED_AVAILABILITY = YES_AGGRESSIVE;
				CLANG_WARN_UNREACHABLE_CODE = YES;
				CLANG_WARN__DUPLICATE_METHOD_MATCH = YES;
				CODE_SIGN_IDENTITY = "iPhone Developer";
				COPY_PHASE_STRIP = NO;
				DEBUG_INFORMATION_FORMAT = dwarf;
				ENABLE_STRICT_OBJC_MSGSEND = YES;
				ENABLE_TESTABILITY = YES;
				GCC_C_LANGUAGE_STANDARD = gnu11;
				GCC_DYNAMIC_NO_PIC = NO;
				GCC_NO_COMMON_BLOCKS = YES;
				GCC_OPTIMIZATION_LEVEL = 0;
				GCC_PREPROCESSOR_DEFINITIONS = (
					"DEBUG=1",
					"$(inherited)",
				);
				GCC_WARN_64_TO_32_BIT_CONVERSION = YES;
				GCC_WARN_ABOUT_RETURN_TYPE = YES_ERROR;
				GCC_WARN_UNDECLARED_SELECTOR = YES;
				GCC_WARN_UNINITIALIZED_AUTOS = YES_AGGRESSIVE;
				GCC_WARN_UNUSED_FUNCTION = YES;
				GCC_WARN_UNUSED_VARIABLE = YES;
				IPHONEOS_DEPLOYMENT_TARGET = 12.1;
				MTL_ENABLE_DEBUG_INFO = INCLUDE_SOURCE;
				MTL_FAST_MATH = YES;
				ONLY_ACTIVE_ARCH = YES;
				SDKROOT = iphoneos;
				SWIFT_ACTIVE_COMPILATION_CONDITIONS = DEBUG;
				SWIFT_OPTIMIZATION_LEVEL = "-Onone";
			};
			name = Debug;
		};
		624DE1FB21F6EB100011AAD1 /* Release */ = {
			isa = XCBuildConfiguration;
			buildSettings = {
				ALWAYS_SEARCH_USER_PATHS = NO;
				CLANG_ANALYZER_NONNULL = YES;
				CLANG_ANALYZER_NUMBER_OBJECT_CONVERSION = YES_AGGRESSIVE;
				CLANG_CXX_LANGUAGE_STANDARD = "gnu++14";
				CLANG_CXX_LIBRARY = "libc++";
				CLANG_ENABLE_MODULES = YES;
				CLANG_ENABLE_OBJC_ARC = YES;
				CLANG_ENABLE_OBJC_WEAK = YES;
				CLANG_WARN_BLOCK_CAPTURE_AUTORELEASING = YES;
				CLANG_WARN_BOOL_CONVERSION = YES;
				CLANG_WARN_COMMA = YES;
				CLANG_WARN_CONSTANT_CONVERSION = YES;
				CLANG_WARN_DEPRECATED_OBJC_IMPLEMENTATIONS = YES;
				CLANG_WARN_DIRECT_OBJC_ISA_USAGE = YES_ERROR;
				CLANG_WARN_DOCUMENTATION_COMMENTS = YES;
				CLANG_WARN_EMPTY_BODY = YES;
				CLANG_WARN_ENUM_CONVERSION = YES;
				CLANG_WARN_INFINITE_RECURSION = YES;
				CLANG_WARN_INT_CONVERSION = YES;
				CLANG_WARN_NON_LITERAL_NULL_CONVERSION = YES;
				CLANG_WARN_OBJC_IMPLICIT_RETAIN_SELF = YES;
				CLANG_WARN_OBJC_LITERAL_CONVERSION = YES;
				CLANG_WARN_OBJC_ROOT_CLASS = YES_ERROR;
				CLANG_WARN_RANGE_LOOP_ANALYSIS = YES;
				CLANG_WARN_STRICT_PROTOTYPES = YES;
				CLANG_WARN_SUSPICIOUS_MOVE = YES;
				CLANG_WARN_UNGUARDED_AVAILABILITY = YES_AGGRESSIVE;
				CLANG_WARN_UNREACHABLE_CODE = YES;
				CLANG_WARN__DUPLICATE_METHOD_MATCH = YES;
				CODE_SIGN_IDENTITY = "iPhone Developer";
				COPY_PHASE_STRIP = NO;
				DEBUG_INFORMATION_FORMAT = "dwarf-with-dsym";
				ENABLE_NS_ASSERTIONS = NO;
				ENABLE_STRICT_OBJC_MSGSEND = YES;
				GCC_C_LANGUAGE_STANDARD = gnu11;
				GCC_NO_COMMON_BLOCKS = YES;
				GCC_WARN_64_TO_32_BIT_CONVERSION = YES;
				GCC_WARN_ABOUT_RETURN_TYPE = YES_ERROR;
				GCC_WARN_UNDECLARED_SELECTOR = YES;
				GCC_WARN_UNINITIALIZED_AUTOS = YES_AGGRESSIVE;
				GCC_WARN_UNUSED_FUNCTION = YES;
				GCC_WARN_UNUSED_VARIABLE = YES;
				IPHONEOS_DEPLOYMENT_TARGET = 12.1;
				MTL_ENABLE_DEBUG_INFO = NO;
				MTL_FAST_MATH = YES;
				SDKROOT = iphoneos;
				SWIFT_COMPILATION_MODE = wholemodule;
				SWIFT_OPTIMIZATION_LEVEL = "-O";
				VALIDATE_PRODUCT = YES;
			};
			name = Release;
		};
		624DE1FD21F6EB100011AAD1 /* Debug */ = {
			isa = XCBuildConfiguration;
			baseConfigurationReference = F877CF270080B865171D52CE /* Pods-Pets B&B.debug.xcconfig */;
			buildSettings = {
				ASSETCATALOG_COMPILER_APPICON_NAME = AppIcon;
				CODE_SIGN_STYLE = Automatic;
				DEVELOPMENT_TEAM = QF9H46SJ39;
				INFOPLIST_FILE = "Pets B&B/Info.plist";
				LD_RUNPATH_SEARCH_PATHS = (
					"$(inherited)",
					"@executable_path/Frameworks",
				);
				PRODUCT_BUNDLE_IDENTIFIER = "khawla.PetsBB.Pets-B-B";
				PRODUCT_NAME = "$(TARGET_NAME)";
				SWIFT_VERSION = 4.2;
				TARGETED_DEVICE_FAMILY = "1,2";
			};
			name = Debug;
		};
		624DE1FE21F6EB100011AAD1 /* Release */ = {
			isa = XCBuildConfiguration;
			baseConfigurationReference = 1ABAC207984ABD9F4F3080F2 /* Pods-Pets B&B.release.xcconfig */;
			buildSettings = {
				ASSETCATALOG_COMPILER_APPICON_NAME = AppIcon;
				CODE_SIGN_STYLE = Automatic;
				DEVELOPMENT_TEAM = QF9H46SJ39;
				INFOPLIST_FILE = "Pets B&B/Info.plist";
				LD_RUNPATH_SEARCH_PATHS = (
					"$(inherited)",
					"@executable_path/Frameworks",
				);
				PRODUCT_BUNDLE_IDENTIFIER = "khawla.PetsBB.Pets-B-B";
				PRODUCT_NAME = "$(TARGET_NAME)";
				SWIFT_VERSION = 4.2;
				TARGETED_DEVICE_FAMILY = "1,2";
			};
			name = Release;
		};
/* End XCBuildConfiguration section */

/* Begin XCConfigurationList section */
		624DE1E221F6EB0E0011AAD1 /* Build configuration list for PBXProject "Pets B&B" */ = {
			isa = XCConfigurationList;
			buildConfigurations = (
				624DE1FA21F6EB100011AAD1 /* Debug */,
				624DE1FB21F6EB100011AAD1 /* Release */,
			);
			defaultConfigurationIsVisible = 0;
			defaultConfigurationName = Release;
		};
		624DE1FC21F6EB100011AAD1 /* Build configuration list for PBXNativeTarget "Pets B&B" */ = {
			isa = XCConfigurationList;
			buildConfigurations = (
				624DE1FD21F6EB100011AAD1 /* Debug */,
				624DE1FE21F6EB100011AAD1 /* Release */,
			);
			defaultConfigurationIsVisible = 0;
			defaultConfigurationName = Release;
		};
/* End XCConfigurationList section */

/* Begin XCVersionGroup section */
		624DE1F121F6EB0E0011AAD1 /* ENBD.xcdatamodeld */ = {
			isa = XCVersionGroup;
			children = (
				624DE1F221F6EB0E0011AAD1 /* Pets_B_B.xcdatamodel */,
			);
			currentVersion = 624DE1F221F6EB0E0011AAD1 /* Pets_B_B.xcdatamodel */;
			path = ENBD.xcdatamodeld;
			sourceTree = "<group>";
			versionGroupType = wrapper.xcdatamodel;
		};
/* End XCVersionGroup section */
	};
	rootObject = 624DE1DF21F6EB0E0011AAD1 /* Project object */;
}
